
Microsoft Visual Studio Solution File, Format Version 12.00
# Visual Studio 15
VisualStudioVersion = 15.0.27428.2027
MinimumVisualStudioVersion = 10.0.40219.1
Project("{FAE04EC0-301F-11D3-BF4B-00C04F79EFBC}") = "SummerProject", "SummerProject\SummerProject.csproj", "{EB140684-B11A-467C-82F5-7355856F1A25}"
EndProject
Global
	GlobalSection(SolutionConfigurationPlatforms) = preSolution
		Debug|Any CPU = Debug|Any CPU
		Release|Any CPU = Release|Any CPU
	EndGlobalSection
	GlobalSection(ProjectConfigurationPlatforms) = postSolution
		{EB140684-B11A-467C-82F5-7355856F1A25}.Debug|Any CPU.ActiveCfg = Debug|Any CPU
		{EB140684-B11A-467C-82F5-7355856F1A25}.Debug|Any CPU.Build.0 = Debug|Any CPU
		{EB140684-B11A-467C-82F5-7355856F1A25}.Release|Any CPU.ActiveCfg = Release|Any CPU
		{EB140684-B11A-467C-82F5-7355856F1A25}.Release|Any CPU.Build.0 = Release|Any CPU
	EndGlobalSection
	GlobalSection(SolutionProperties) = preSolution
		HideSolutionNode = FALSE
	EndGlobalSection
	GlobalSection(ExtensibilityGlobals) = postSolution
		SolutionGuid = {EE6E1E40-2C74-491C-A771-F131DA01C62B}
	EndGlobalSection
EndGlobal
